
Microsoft Visual Studio Solution File, Format Version 12.00
# Visual Studio Version 16
VisualStudioVersion = 16.0.29926.136
MinimumVisualStudioVersion = 10.0.40219.1
Project("{9A19103F-16F7-4668-BE54-9A1E7A4F7556}") = "Globalmantics_Lambda_Function", "Globalmantics_Lambda_Function\Globalmantics_Lambda_Function.csproj", "{9351F616-A1C8-40B5-A846-580BE4D8B365}"
EndProject
Project("{9A19103F-16F7-4668-BE54-9A1E7A4F7556}") = "Globalmantics_Sqs_WebApi", "Globalmantics_Sqs_WebApi\Globalmantics_Sqs_WebApi.csproj", "{17AC2B2A-33C0-4AD4-832D-B2875F8A8701}"
EndProject
Global
	GlobalSection(SolutionConfigurationPlatforms) = preSolution
		Debug|Any CPU = Debug|Any CPU
		Release|Any CPU = Release|Any CPU
	EndGlobalSection
	GlobalSection(ProjectConfigurationPlatforms) = postSolution
		{9351F616-A1C8-40B5-A846-580BE4D8B365}.Debug|Any CPU.ActiveCfg = Debug|Any CPU
		{9351F616-A1C8-40B5-A846-580BE4D8B365}.Debug|Any CPU.Build.0 = Debug|Any CPU
		{9351F616-A1C8-40B5-A846-580BE4D8B365}.Release|Any CPU.ActiveCfg = Release|Any CPU
		{9351F616-A1C8-40B5-A846-580BE4D8B365}.Release|Any CPU.Build.0 = Release|Any CPU
		{17AC2B2A-33C0-4AD4-832D-B2875F8A8701}.Debug|Any CPU.ActiveCfg = Debug|Any CPU
		{17AC2B2A-33C0-4AD4-832D-B2875F8A8701}.Debug|Any CPU.Build.0 = Debug|Any CPU
		{17AC2B2A-33C0-4AD4-832D-B2875F8A8701}.Release|Any CPU.ActiveCfg = Release|Any CPU
		{17AC2B2A-33C0-4AD4-832D-B2875F8A8701}.Release|Any CPU.Build.0 = Release|Any CPU
	EndGlobalSection
	GlobalSection(SolutionProperties) = preSolution
		HideSolutionNode = FALSE
	EndGlobalSection
	GlobalSection(ExtensibilityGlobals) = postSolution
		SolutionGuid = {86D92B8F-94A7-40BE-A6E7-E16B9C39C310}
	EndGlobalSection
EndGlobal
